
Microsoft Visual Studio Solution File, Format Version 12.00
# Visual Studio Version 17
VisualStudioVersion = 17.9.34728.123
MinimumVisualStudioVersion = 10.0.40219.1
Project("{FAE04EC0-301F-11D3-BF4B-00C04F79EFBC}") = "finalsgames", "finalsgames\finalsgames.csproj", "{AAFB4968-6C2E-4F4F-BB32-69962F0BFA73}"
EndProject
Global
	GlobalSection(SolutionConfigurationPlatforms) = preSolution
		Debug|Any CPU = Debug|Any CPU
		Release|Any CPU = Release|Any CPU
	EndGlobalSection
	GlobalSection(ProjectConfigurationPlatforms) = postSolution
		{AAFB4968-6C2E-4F4F-BB32-69962F0BFA73}.Debug|Any CPU.ActiveCfg = Debug|Any CPU
		{AAFB4968-6C2E-4F4F-BB32-69962F0BFA73}.Debug|Any CPU.Build.0 = Debug|Any CPU
		{AAFB4968-6C2E-4F4F-BB32-69962F0BFA73}.Release|Any CPU.ActiveCfg = Release|Any CPU
		{AAFB4968-6C2E-4F4F-BB32-69962F0BFA73}.Release|Any CPU.Build.0 = Release|Any CPU
	EndGlobalSection
	GlobalSection(SolutionProperties) = preSolution
		HideSolutionNode = FALSE
	EndGlobalSection
	GlobalSection(ExtensibilityGlobals) = postSolution
		SolutionGuid = {11C18144-019F-40BE-952E-DD4A9CD139D7}
	EndGlobalSection
EndGlobal
